
Microsoft Visual Studio Solution File, Format Version 12.00
# Visual Studio Version 16
VisualStudioVersion = 16.0.31702.278
MinimumVisualStudioVersion = 10.0.40219.1
Project("{9A19103F-16F7-4668-BE54-9A1E7A4F7556}") = "MLNetTrainer", "MLNetTrainer\MLNetTrainer.csproj", "{1792E039-4296-40BF-A85D-8A7120204630}"
EndProject
Project("{9A19103F-16F7-4668-BE54-9A1E7A4F7556}") = "MLNetTestCore", "MLNetTestCore\MLNetTestCore.csproj", "{A30D736F-F6C4-45BD-8D48-3C51A38C0B78}"
EndProject
Global
	GlobalSection(SolutionConfigurationPlatforms) = preSolution
		Debug|Any CPU = Debug|Any CPU
		Release|Any CPU = Release|Any CPU
	EndGlobalSection
	GlobalSection(ProjectConfigurationPlatforms) = postSolution
		{1792E039-4296-40BF-A85D-8A7120204630}.Debug|Any CPU.ActiveCfg = Debug|Any CPU
		{1792E039-4296-40BF-A85D-8A7120204630}.Debug|Any CPU.Build.0 = Debug|Any CPU
		{1792E039-4296-40BF-A85D-8A7120204630}.Release|Any CPU.ActiveCfg = Release|Any CPU
		{1792E039-4296-40BF-A85D-8A7120204630}.Release|Any CPU.Build.0 = Release|Any CPU
		{A30D736F-F6C4-45BD-8D48-3C51A38C0B78}.Debug|Any CPU.ActiveCfg = Debug|Any CPU
		{A30D736F-F6C4-45BD-8D48-3C51A38C0B78}.Debug|Any CPU.Build.0 = Debug|Any CPU
		{A30D736F-F6C4-45BD-8D48-3C51A38C0B78}.Release|Any CPU.ActiveCfg = Release|Any CPU
		{A30D736F-F6C4-45BD-8D48-3C51A38C0B78}.Release|Any CPU.Build.0 = Release|Any CPU
	EndGlobalSection
	GlobalSection(SolutionProperties) = preSolution
		HideSolutionNode = FALSE
	EndGlobalSection
	GlobalSection(ExtensibilityGlobals) = postSolution
		SolutionGuid = {B14807CA-DFBC-47D5-90CB-656892621B33}
	EndGlobalSection
EndGlobal
